// !$*UTF8*$!
{
	archiveVersion = 1;
	classes = {
	};
	objectVersion = 56;
	objects = {

/* Begin PBXBuildFile section */
		C17C43476FB7AA1B1170E288 /* Pods_VideoPlayer_New.framework in Frameworks */ = {isa = PBXBuildFile; fileRef = 5797627F64995B5F0F7656FB /* Pods_VideoPlayer_New.framework */; };
		F31A5E422A408FA100B49425 /* AppDelegate.swift in Sources */ = {isa = PBXBuildFile; fileRef = F31A5E412A408FA100B49425 /* AppDelegate.swift */; };
		F31A5E442A408FA100B49425 /* SceneDelegate.swift in Sources */ = {isa = PBXBuildFile; fileRef = F31A5E432A408FA100B49425 /* SceneDelegate.swift */; };
		F31A5E462A408FA100B49425 /* ViewController.swift in Sources */ = {isa = PBXBuildFile; fileRef = F31A5E452A408FA100B49425 /* ViewController.swift */; };
		F31A5E492A408FA100B49425 /* Main.storyboard in Resources */ = {isa = PBXBuildFile; fileRef = F31A5E472A408FA100B49425 /* Main.storyboard */; };
		F31A5E4B2A408FA300B49425 /* Assets.xcassets in Resources */ = {isa = PBXBuildFile; fileRef = F31A5E4A2A408FA300B49425 /* Assets.xcassets */; };
		F31A5E4E2A408FA300B49425 /* LaunchScreen.storyboard in Resources */ = {isa = PBXBuildFile; fileRef = F31A5E4C2A408FA300B49425 /* LaunchScreen.storyboard */; };
		F31A5E5A2A4091A800B49425 /* PlayerVC.swift in Sources */ = {isa = PBXBuildFile; fileRef = F31A5E592A4091A800B49425 /* PlayerVC.swift */; };
		F31A5E5C2A4091C000B49425 /* MobileVideoPlayerVC.swift in Sources */ = {isa = PBXBuildFile; fileRef = F31A5E5B2A4091C000B49425 /* MobileVideoPlayerVC.swift */; };
		F31A5E5E2A4091D400B49425 /* VLCPlayerCV.swift in Sources */ = {isa = PBXBuildFile; fileRef = F31A5E5D2A4091D400B49425 /* VLCPlayerCV.swift */; };
		F31A5E602A4091E700B49425 /* AVPlayerVC.swift in Sources */ = {isa = PBXBuildFile; fileRef = F31A5E5F2A4091E700B49425 /* AVPlayerVC.swift */; };
		F31A5E632A40969700B49425 /* header.m in Sources */ = {isa = PBXBuildFile; fileRef = F31A5E622A40969700B49425 /* header.m */; };
		F31A5E672A409C6600B49425 /* Tom.mov in Resources */ = {isa = PBXBuildFile; fileRef = F31A5E662A409C6600B49425 /* Tom.mov */; };
/* End PBXBuildFile section */

/* Begin PBXFileReference section */
		37FF05A73CF7B08C6450A0AD /* Pods-VideoPlayer_New.debug.xcconfig */ = {isa = PBXFileReference; includeInIndex = 1; lastKnownFileType = text.xcconfig; name = "Pods-VideoPlayer_New.debug.xcconfig"; path = "Target Support Files/Pods-VideoPlayer_New/Pods-VideoPlayer_New.debug.xcconfig"; sourceTree = "<group>"; };
		5797627F64995B5F0F7656FB /* Pods_VideoPlayer_New.framework */ = {isa = PBXFileReference; explicitFileType = wrapper.framework; includeInIndex = 0; path = Pods_VideoPlayer_New.framework; sourceTree = BUILT_PRODUCTS_DIR; };
		B770D55B825C3F6C981083B1 /* Pods-VideoPlayer_New.release.xcconfig */ = {isa = PBXFileReference; includeInIndex = 1; lastKnownFileType = text.xcconfig; name = "Pods-VideoPlayer_New.release.xcconfig"; path = "Target Support Files/Pods-VideoPlayer_New/Pods-VideoPlayer_New.release.xcconfig"; sourceTree = "<group>"; };
		F31A5E3E2A408FA100B49425 /* VideoPlayer_New.app */ = {isa = PBXFileReference; explicitFileType = wrapper.application; includeInIndex = 0; path = VideoPlayer_New.app; sourceTree = BUILT_PRODUCTS_DIR; };
		F31A5E412A408FA100B49425 /* AppDelegate.swift */ = {isa = PBXFileReference; lastKnownFileType = sourcecode.swift; path = AppDelegate.swift; sourceTree = "<group>"; };
		F31A5E432A408FA100B49425 /* SceneDelegate.swift */ = {isa = PBXFileReference; lastKnownFileType = sourcecode.swift; path = SceneDelegate.swift; sourceTree = "<group>"; };
		F31A5E452A408FA100B49425 /* ViewController.swift */ = {isa = PBXFileReference; lastKnownFileType = sourcecode.swift; path = ViewController.swift; sourceTree = "<group>"; };
		F31A5E482A408FA100B49425 /* Base */ = {isa = PBXFileReference; lastKnownFileType = file.storyboard; name = Base; path = Base.lproj/Main.storyboard; sourceTree = "<group>"; };
		F31A5E4A2A408FA300B49425 /* Assets.xcassets */ = {isa = PBXFileReference; lastKnownFileType = folder.assetcatalog; path = Assets.xcassets; sourceTree = "<group>"; };
		F31A5E4D2A408FA300B49425 /* Base */ = {isa = PBXFileReference; lastKnownFileType = file.storyboard; name = Base; path = Base.lproj/LaunchScreen.storyboard; sourceTree = "<group>"; };
		F31A5E4F2A408FA300B49425 /* Info.plist */ = {isa = PBXFileReference; lastKnownFileType = text.plist.xml; path = Info.plist; sourceTree = "<group>"; };
		F31A5E592A4091A800B49425 /* PlayerVC.swift */ = {isa = PBXFileReference; lastKnownFileType = sourcecode.swift; path = PlayerVC.swift; sourceTree = "<group>"; };
		F31A5E5B2A4091C000B49425 /* MobileVideoPlayerVC.swift */ = {isa = PBXFileReference; lastKnownFileType = sourcecode.swift; path = MobileVideoPlayerVC.swift; sourceTree = "<group>"; };
		F31A5E5D2A4091D400B49425 /* VLCPlayerCV.swift */ = {isa = PBXFileReference; lastKnownFileType = sourcecode.swift; path = VLCPlayerCV.swift; sourceTree = "<group>"; };
		F31A5E5F2A4091E700B49425 /* AVPlayerVC.swift */ = {isa = PBXFileReference; lastKnownFileType = sourcecode.swift; path = AVPlayerVC.swift; sourceTree = "<group>"; };
		F31A5E612A40969700B49425 /* VideoPlayer_New-Bridging-Header.h */ = {isa = PBXFileReference; lastKnownFileType = sourcecode.c.h; path = "VideoPlayer_New-Bridging-Header.h"; sourceTree = "<group>"; };
		F31A5E622A40969700B49425 /* header.m */ = {isa = PBXFileReference; lastKnownFileType = sourcecode.c.objc; path = header.m; sourceTree = "<group>"; };
		F31A5E662A409C6600B49425 /* Tom.mov */ = {isa = PBXFileReference; lastKnownFileType = video.quicktime; name = Tom.mov; path = ../../../../Downloads/Tom.mov; sourceTree = "<group>"; };
/* End PBXFileReference section */

/* Begin PBXFrameworksBuildPhase section */
		F31A5E3B2A408FA100B49425 /* Frameworks */ = {
			isa = PBXFrameworksBuildPhase;
			buildActionMask = 2147483647;
			files = (
				C17C43476FB7AA1B1170E288 /* Pods_VideoPlayer_New.framework in Frameworks */,
			);
			runOnlyForDeploymentPostprocessing = 0;
		};
/* End PBXFrameworksBuildPhase section */

/* Begin PBXGroup section */
		722FFB44424960ACD3AFA202 /* Frameworks */ = {
			isa = PBXGroup;
			children = (
				5797627F64995B5F0F7656FB /* Pods_VideoPlayer_New.framework */,
			);
			name = Frameworks;
			sourceTree = "<group>";
		};
		E2B50681CEE6EF941DE1CB8D /* Pods */ = {
			isa = PBXGroup;
			children = (
				37FF05A73CF7B08C6450A0AD /* Pods-VideoPlayer_New.debug.xcconfig */,
				B770D55B825C3F6C981083B1 /* Pods-VideoPlayer_New.release.xcconfig */,
			);
			path = Pods;
			sourceTree = "<group>";
		};
		F31A5E352A408FA100B49425 = {
			isa = PBXGroup;
			children = (
				F31A5E402A408FA100B49425 /* VideoPlayer_New */,
				F31A5E3F2A408FA100B49425 /* Products */,
				E2B50681CEE6EF941DE1CB8D /* Pods */,
				722FFB44424960ACD3AFA202 /* Frameworks */,
			);
			sourceTree = "<group>";
		};
		F31A5E3F2A408FA100B49425 /* Products */ = {
			isa = PBXGroup;
			children = (
				F31A5E3E2A408FA100B49425 /* VideoPlayer_New.app */,
			);
			name = Products;
			sourceTree = "<group>";
		};
		F31A5E402A408FA100B49425 /* VideoPlayer_New */ = {
			isa = PBXGroup;
			children = (
				F31A5E582A40900600B49425 /* Player */,
				F31A5E572A408FFB00B49425 /* MobileVideoPlayer */,
				F31A5E562A408FEF00B49425 /* VLCPlayer */,
				F31A5E552A408FE600B49425 /* AVPlayer */,
				F31A5E412A408FA100B49425 /* AppDelegate.swift */,
				F31A5E432A408FA100B49425 /* SceneDelegate.swift */,
				F31A5E452A408FA100B49425 /* ViewController.swift */,
				F31A5E662A409C6600B49425 /* Tom.mov */,
				F31A5E472A408FA100B49425 /* Main.storyboard */,
				F31A5E4A2A408FA300B49425 /* Assets.xcassets */,
				F31A5E4C2A408FA300B49425 /* LaunchScreen.storyboard */,
				F31A5E4F2A408FA300B49425 /* Info.plist */,
			);
			path = VideoPlayer_New;
			sourceTree = "<group>";
		};
		F31A5E552A408FE600B49425 /* AVPlayer */ = {
			isa = PBXGroup;
			children = (
				F31A5E5F2A4091E700B49425 /* AVPlayerVC.swift */,
			);
			path = AVPlayer;
			sourceTree = "<group>";
		};
		F31A5E562A408FEF00B49425 /* VLCPlayer */ = {
			isa = PBXGroup;
			children = (
				F31A5E5D2A4091D400B49425 /* VLCPlayerCV.swift */,
			);
			path = VLCPlayer;
			sourceTree = "<group>";
		};
		F31A5E572A408FFB00B49425 /* MobileVideoPlayer */ = {
			isa = PBXGroup;
			children = (
				F31A5E5B2A4091C000B49425 /* MobileVideoPlayerVC.swift */,
				F31A5E622A40969700B49425 /* header.m */,
				F31A5E612A40969700B49425 /* VideoPlayer_New-Bridging-Header.h */,
			);
			path = MobileVideoPlayer;
			sourceTree = "<group>";
		};
		F31A5E582A40900600B49425 /* Player */ = {
			isa = PBXGroup;
			children = (
				F31A5E592A4091A800B49425 /* PlayerVC.swift */,
			);
			path = Player;
			sourceTree = "<group>";
		};
/* End PBXGroup section */

/* Begin PBXNativeTarget section */
		F31A5E3D2A408FA100B49425 /* VideoPlayer_New */ = {
			isa = PBXNativeTarget;
			buildConfigurationList = F31A5E522A408FA300B49425 /* Build configuration list for PBXNativeTarget "VideoPlayer_New" */;
			buildPhases = (
				0B170BC2D69ABEF51301EC7A /* [CP] Check Pods Manifest.lock */,
				F31A5E3A2A408FA100B49425 /* Sources */,
				F31A5E3B2A408FA100B49425 /* Frameworks */,
				F31A5E3C2A408FA100B49425 /* Resources */,
				BA66ADC151AC81AD72551E16 /* [CP] Embed Pods Frameworks */,
			);
			buildRules = (
			);
			dependencies = (
			);
			name = VideoPlayer_New;
			productName = VideoPlayer_New;
			productReference = F31A5E3E2A408FA100B49425 /* VideoPlayer_New.app */;
			productType = "com.apple.product-type.application";
		};
/* End PBXNativeTarget section */

/* Begin PBXProject section */
		F31A5E362A408FA100B49425 /* Project object */ = {
			isa = PBXProject;
			attributes = {
				BuildIndependentTargetsInParallel = 1;
				LastSwiftUpdateCheck = 1430;
				LastUpgradeCheck = 1430;
				TargetAttributes = {
					F31A5E3D2A408FA100B49425 = {
						CreatedOnToolsVersion = 14.3;
						LastSwiftMigration = 1430;
					};
				};
			};
			buildConfigurationList = F31A5E392A408FA100B49425 /* Build configuration list for PBXProject "VideoPlayer_New" */;
			compatibilityVersion = "Xcode 14.0";
			developmentRegion = en;
			hasScannedForEncodings = 0;
			knownRegions = (
				en,
				Base,
			);
			mainGroup = F31A5E352A408FA100B49425;
			productRefGroup = F31A5E3F2A408FA100B49425 /* Products */;
			projectDirPath = "";
			projectRoot = "";
			targets = (
				F31A5E3D2A408FA100B49425 /* VideoPlayer_New */,
			);
		};
/* End PBXProject section */

/* Begin PBXResourcesBuildPhase section */
		F31A5E3C2A408FA100B49425 /* Resources */ = {
			isa = PBXResourcesBuildPhase;
			buildActionMask = 2147483647;
			files = (
				F31A5E4E2A408FA300B49425 /* LaunchScreen.storyboard in Resources */,
				F31A5E4B2A408FA300B49425 /* Assets.xcassets in Resources */,
				F31A5E672A409C6600B49425 /* Tom.mov in Resources */,
				F31A5E492A408FA100B49425 /* Main.storyboard in Resources */,
			);
			runOnlyForDeploymentPostprocessing = 0;
		};
/* End PBXResourcesBuildPhase section */

/* Begin PBXShellScriptBuildPhase section */
		0B170BC2D69ABEF51301EC7A /* [CP] Check Pods Manifest.lock */ = {
			isa = PBXShellScriptBuildPhase;
			buildActionMask = 2147483647;
			files = (
			);
			inputFileListPaths = (
			);
			inputPaths = (
				"${PODS_PODFILE_DIR_PATH}/Podfile.lock",
				"${PODS_ROOT}/Manifest.lock",
			);
			name = "[CP] Check Pods Manifest.lock";
			outputFileListPaths = (
			);
			outputPaths = (
				"$(DERIVED_FILE_DIR)/Pods-VideoPlayer_New-checkManifestLockResult.txt",
			);
			runOnlyForDeploymentPostprocessing = 0;
			shellPath = /bin/sh;
			shellScript = "diff \"${PODS_PODFILE_DIR_PATH}/Podfile.lock\" \"${PODS_ROOT}/Manifest.lock\" > /dev/null\nif [ $? != 0 ] ; then\n    # print error to STDERR\n    echo \"error: The sandbox is not in sync with the Podfile.lock. Run 'pod install' or update your CocoaPods installation.\" >&2\n    exit 1\nfi\n# This output is used by Xcode 'outputs' to avoid re-running this script phase.\necho \"SUCCESS\" > \"${SCRIPT_OUTPUT_FILE_0}\"\n";
			showEnvVarsInLog = 0;
		};
		BA66ADC151AC81AD72551E16 /* [CP] Embed Pods Frameworks */ = {
			isa = PBXShellScriptBuildPhase;
			buildActionMask = 2147483647;
			files = (
			);
			inputFileListPaths = (
				"${PODS_ROOT}/Target Support Files/Pods-VideoPlayer_New/Pods-VideoPlayer_New-frameworks-${CONFIGURATION}-input-files.xcfilelist",
			);
			name = "[CP] Embed Pods Frameworks";
			outputFileListPaths = (
				"${PODS_ROOT}/Target Support Files/Pods-VideoPlayer_New/Pods-VideoPlayer_New-frameworks-${CONFIGURATION}-output-files.xcfilelist",
			);
			runOnlyForDeploymentPostprocessing = 0;
			shellPath = /bin/sh;
			shellScript = "\"${PODS_ROOT}/Target Support Files/Pods-VideoPlayer_New/Pods-VideoPlayer_New-frameworks.sh\"\n";
			showEnvVarsInLog = 0;
		};
/* End PBXShellScriptBuildPhase section */

/* Begin PBXSourcesBuildPhase section */
		F31A5E3A2A408FA100B49425 /* Sources */ = {
			isa = PBXSourcesBuildPhase;
			buildActionMask = 2147483647;
			files = (
				F31A5E462A408FA100B49425 /* ViewController.swift in Sources */,
				F31A5E422A408FA100B49425 /* AppDelegate.swift in Sources */,
				F31A5E442A408FA100B49425 /* SceneDelegate.swift in Sources */,
				F31A5E602A4091E700B49425 /* AVPlayerVC.swift in Sources */,
				F31A5E632A40969700B49425 /* header.m in Sources */,
				F31A5E5E2A4091D400B49425 /* VLCPlayerCV.swift in Sources */,
				F31A5E5C2A4091C000B49425 /* MobileVideoPlayerVC.swift in Sources */,
				F31A5E5A2A4091A800B49425 /* PlayerVC.swift in Sources */,
			);
			runOnlyForDeploymentPostprocessing = 0;
		};
/* End PBXSourcesBuildPhase section */

/* Begin PBXVariantGroup section */
		F31A5E472A408FA100B49425 /* Main.storyboard */ = {
			isa = PBXVariantGroup;
			children = (
				F31A5E482A408FA100B49425 /* Base */,
			);
			name = Main.storyboard;
			sourceTree = "<group>";
		};
		F31A5E4C2A408FA300B49425 /* LaunchScreen.storyboard */ = {
			isa = PBXVariantGroup;
			children = (
				F31A5E4D2A408FA300B49425 /* Base */,
			);
			name = LaunchScreen.storyboard;
			sourceTree = "<group>";
		};
/* End PBXVariantGroup section */

/* Begin XCBuildConfiguration section */
		F31A5E502A408FA300B49425 /* Debug */ = {
			isa = XCBuildConfiguration;
			buildSettings = {
				ALWAYS_SEARCH_USER_PATHS = NO;
				CLANG_ANALYZER_NONNULL = YES;
				CLANG_ANALYZER_NUMBER_OBJECT_CONVERSION = YES_AGGRESSIVE;
				CLANG_CXX_LANGUAGE_STANDARD = "gnu++20";
				CLANG_ENABLE_MODULES = YES;
				CLANG_ENABLE_OBJC_ARC = YES;
				CLANG_ENABLE_OBJC_WEAK = YES;
				CLANG_WARN_BLOCK_CAPTURE_AUTORELEASING = YES;
				CLANG_WARN_BOOL_CONVERSION = YES;
				CLANG_WARN_COMMA = YES;
				CLANG_WARN_CONSTANT_CONVERSION = YES;
				CLANG_WARN_DEPRECATED_OBJC_IMPLEMENTATIONS = YES;
				CLANG_WARN_DIRECT_OBJC_ISA_USAGE = YES_ERROR;
				CLANG_WARN_DOCUMENTATION_COMMENTS = YES;
				CLANG_WARN_EMPTY_BODY = YES;
				CLANG_WARN_ENUM_CONVERSION = YES;
				CLANG_WARN_INFINITE_RECURSION = YES;
				CLANG_WARN_INT_CONVERSION = YES;
				CLANG_WARN_NON_LITERAL_NULL_CONVERSION = YES;
				CLANG_WARN_OBJC_IMPLICIT_RETAIN_SELF = YES;
				CLANG_WARN_OBJC_LITERAL_CONVERSION = YES;
				CLANG_WARN_OBJC_ROOT_CLASS = YES_ERROR;
				CLANG_WARN_QUOTED_INCLUDE_IN_FRAMEWORK_HEADER = YES;
				CLANG_WARN_RANGE_LOOP_ANALYSIS = YES;
				CLANG_WARN_STRICT_PROTOTYPES = YES;
				CLANG_WARN_SUSPICIOUS_MOVE = YES;
				CLANG_WARN_UNGUARDED_AVAILABILITY = YES_AGGRESSIVE;
				CLANG_WARN_UNREACHABLE_CODE = YES;
				CLANG_WARN__DUPLICATE_METHOD_MATCH = YES;
				COPY_PHASE_STRIP = NO;
				DEBUG_INFORMATION_FORMAT = dwarf;
				ENABLE_STRICT_OBJC_MSGSEND = YES;
				ENABLE_TESTABILITY = YES;
				GCC_C_LANGUAGE_STANDARD = gnu11;
				GCC_DYNAMIC_NO_PIC = NO;
				GCC_NO_COMMON_BLOCKS = YES;
				GCC_OPTIMIZATION_LEVEL = 0;
				GCC_PREPROCESSOR_DEFINITIONS = (
					"DEBUG=1",
					"$(inherited)",
				);
				GCC_WARN_64_TO_32_BIT_CONVERSION = YES;
				GCC_WARN_ABOUT_RETURN_TYPE = YES_ERROR;
				GCC_WARN_UNDECLARED_SELECTOR = YES;
				GCC_WARN_UNINITIALIZED_AUTOS = YES_AGGRESSIVE;
				GCC_WARN_UNUSED_FUNCTION = YES;
				GCC_WARN_UNUSED_VARIABLE = YES;
				IPHONEOS_DEPLOYMENT_TARGET = 16.4;
				MTL_ENABLE_DEBUG_INFO = INCLUDE_SOURCE;
				MTL_FAST_MATH = YES;
				ONLY_ACTIVE_ARCH = YES;
				SDKROOT = iphoneos;
				SWIFT_ACTIVE_COMPILATION_CONDITIONS = DEBUG;
				SWIFT_OPTIMIZATION_LEVEL = "-Onone";
			};
			name = Debug;
		};
		F31A5E512A408FA300B49425 /* Release */ = {
			isa = XCBuildConfiguration;
			buildSettings = {
				ALWAYS_SEARCH_USER_PATHS = NO;
				CLANG_ANALYZER_NONNULL = YES;
				CLANG_ANALYZER_NUMBER_OBJECT_CONVERSION = YES_AGGRESSIVE;
				CLANG_CXX_LANGUAGE_STANDARD = "gnu++20";
				CLANG_ENABLE_MODULES = YES;
				CLANG_ENABLE_OBJC_ARC = YES;
				CLANG_ENABLE_OBJC_WEAK = YES;
				CLANG_WARN_BLOCK_CAPTURE_AUTORELEASING = YES;
				CLANG_WARN_BOOL_CONVERSION = YES;
				CLANG_WARN_COMMA = YES;
				CLANG_WARN_CONSTANT_CONVERSION = YES;
				CLANG_WARN_DEPRECATED_OBJC_IMPLEMENTATIONS = YES;
				CLANG_WARN_DIRECT_OBJC_ISA_USAGE = YES_ERROR;
				CLANG_WARN_DOCUMENTATION_COMMENTS = YES;
				CLANG_WARN_EMPTY_BODY = YES;
				CLANG_WARN_ENUM_CONVERSION = YES;
				CLANG_WARN_INFINITE_RECURSION = YES;
				CLANG_WARN_INT_CONVERSION = YES;
				CLANG_WARN_NON_LITERAL_NULL_CONVERSION = YES;
				CLANG_WARN_OBJC_IMPLICIT_RETAIN_SELF = YES;
				CLANG_WARN_OBJC_LITERAL_CONVERSION = YES;
				CLANG_WARN_OBJC_ROOT_CLASS = YES_ERROR;
				CLANG_WARN_QUOTED_INCLUDE_IN_FRAMEWORK_HEADER = YES;
				CLANG_WARN_RANGE_LOOP_ANALYSIS = YES;
				CLANG_WARN_STRICT_PROTOTYPES = YES;
				CLANG_WARN_SUSPICIOUS_MOVE = YES;
				CLANG_WARN_UNGUARDED_AVAILABILITY = YES_AGGRESSIVE;
				CLANG_WARN_UNREACHABLE_CODE = YES;
				CLANG_WARN__DUPLICATE_METHOD_MATCH = YES;
				COPY_PHASE_STRIP = NO;
				DEBUG_INFORMATION_FORMAT = "dwarf-with-dsym";
				ENABLE_NS_ASSERTIONS = NO;
				ENABLE_STRICT_OBJC_MSGSEND = YES;
				GCC_C_LANGUAGE_STANDARD = gnu11;
				GCC_NO_COMMON_BLOCKS = YES;
				GCC_WARN_64_TO_32_BIT_CONVERSION = YES;
				GCC_WARN_ABOUT_RETURN_TYPE = YES_ERROR;
				GCC_WARN_UNDECLARED_SELECTOR = YES;
				GCC_WARN_UNINITIALIZED_AUTOS = YES_AGGRESSIVE;
				GCC_WARN_UNUSED_FUNCTION = YES;
				GCC_WARN_UNUSED_VARIABLE = YES;
				IPHONEOS_DEPLOYMENT_TARGET = 16.4;
				MTL_ENABLE_DEBUG_INFO = NO;
				MTL_FAST_MATH = YES;
				SDKROOT = iphoneos;
				SWIFT_COMPILATION_MODE = wholemodule;
				SWIFT_OPTIMIZATION_LEVEL = "-O";
				VALIDATE_PRODUCT = YES;
			};
			name = Release;
		};
		F31A5E532A408FA300B49425 /* Debug */ = {
			isa = XCBuildConfiguration;
			baseConfigurationReference = 37FF05A73CF7B08C6450A0AD /* Pods-VideoPlayer_New.debug.xcconfig */;
			buildSettings = {
				ASSETCATALOG_COMPILER_APPICON_NAME = AppIcon;
				ASSETCATALOG_COMPILER_GLOBAL_ACCENT_COLOR_NAME = AccentColor;
				CLANG_ENABLE_MODULES = YES;
				CODE_SIGN_STYLE = Automatic;
				CURRENT_PROJECT_VERSION = 1;
				DEVELOPMENT_TEAM = 3TS722284J;
				GENERATE_INFOPLIST_FILE = YES;
				INFOPLIST_FILE = VideoPlayer_New/Info.plist;
				INFOPLIST_KEY_UIApplicationSupportsIndirectInputEvents = YES;
				INFOPLIST_KEY_UILaunchStoryboardName = LaunchScreen;
				INFOPLIST_KEY_UIMainStoryboardFile = Main;
				INFOPLIST_KEY_UISupportedInterfaceOrientations_iPad = "UIInterfaceOrientationPortrait UIInterfaceOrientationPortraitUpsideDown UIInterfaceOrientationLandscapeLeft UIInterfaceOrientationLandscapeRight";
				INFOPLIST_KEY_UISupportedInterfaceOrientations_iPhone = "UIInterfaceOrientationPortrait UIInterfaceOrientationLandscapeLeft UIInterfaceOrientationLandscapeRight";
				LD_RUNPATH_SEARCH_PATHS = (
					"$(inherited)",
					"@executable_path/Frameworks",
				);
				MARKETING_VERSION = 1.0;
				PRODUCT_BUNDLE_IDENTIFIER = "newApp.VideoPlayer-New";
				PRODUCT_NAME = "$(TARGET_NAME)";
				SWIFT_EMIT_LOC_STRINGS = YES;
				SWIFT_OBJC_BRIDGING_HEADER = "VideoPlayer_New/MobileVideoPlayer/VideoPlayer_New-Bridging-Header.h";
				SWIFT_OPTIMIZATION_LEVEL = "-Onone";
				SWIFT_VERSION = 5.0;
				TARGETED_DEVICE_FAMILY = "1,2";
			};
			name = Debug;
		};
		F31A5E542A408FA300B49425 /* Release */ = {
			isa = XCBuildConfiguration;
			baseConfigurationReference = B770D55B825C3F6C981083B1 /* Pods-VideoPlayer_New.release.xcconfig */;
			buildSettings = {
				ASSETCATALOG_COMPILER_APPICON_NAME = AppIcon;
				ASSETCATALOG_COMPILER_GLOBAL_ACCENT_COLOR_NAME = AccentColor;
				CLANG_ENABLE_MODULES = YES;
				CODE_SIGN_STYLE = Automatic;
				CURRENT_PROJECT_VERSION = 1;
				DEVELOPMENT_TEAM = 3TS722284J;
				GENERATE_INFOPLIST_FILE = YES;
				INFOPLIST_FILE = VideoPlayer_New/Info.plist;
				INFOPLIST_KEY_UIApplicationSupportsIndirectInputEvents = YES;
				INFOPLIST_KEY_UILaunchStoryboardName = LaunchScreen;
				INFOPLIST_KEY_UIMainStoryboardFile = Main;
				INFOPLIST_KEY_UISupportedInterfaceOrientations_iPad = "UIInterfaceOrientationPortrait UIInterfaceOrientationPortraitUpsideDown UIInterfaceOrientationLandscapeLeft UIInterfaceOrientationLandscapeRight";
				INFOPLIST_KEY_UISupportedInterfaceOrientations_iPhone = "UIInterfaceOrientationPortrait UIInterfaceOrientationLandscapeLeft UIInterfaceOrientationLandscapeRight";
				LD_RUNPATH_SEARCH_PATHS = (
					"$(inherited)",
					"@executable_path/Frameworks",
				);
				MARKETING_VERSION = 1.0;
				PRODUCT_BUNDLE_IDENTIFIER = "newApp.VideoPlayer-New";
				PRODUCT_NAME = "$(TARGET_NAME)";
				SWIFT_EMIT_LOC_STRINGS = YES;
				SWIFT_OBJC_BRIDGING_HEADER = "VideoPlayer_New/MobileVideoPlayer/VideoPlayer_New-Bridging-Header.h";
				SWIFT_VERSION = 5.0;
				TARGETED_DEVICE_FAMILY = "1,2";
			};
			name = Release;
		};
/* End XCBuildConfiguration section */

/* Begin XCConfigurationList section */
		F31A5E392A408FA100B49425 /* Build configuration list for PBXProject "VideoPlayer_New" */ = {
			isa = XCConfigurationList;
			buildConfigurations = (
				F31A5E502A408FA300B49425 /* Debug */,
				F31A5E512A408FA300B49425 /* Release */,
			);
			defaultConfigurationIsVisible = 0;
			defaultConfigurationName = Release;
		};
		F31A5E522A408FA300B49425 /* Build configuration list for PBXNativeTarget "VideoPlayer_New" */ = {
			isa = XCConfigurationList;
			buildConfigurations = (
				F31A5E532A408FA300B49425 /* Debug */,
				F31A5E542A408FA300B49425 /* Release */,
			);
			defaultConfigurationIsVisible = 0;
			defaultConfigurationName = Release;
		};
/* End XCConfigurationList section */
	};
	rootObject = F31A5E362A408FA100B49425 /* Project object */;
}
